{
  "nodes": {
    "nixpkgs": {
      "locked": {
        "lastModified": 1769330179,
        "narHash": "sha256-yxgb4AmkVHY5OOBrC79Vv6EVd4QZEotqv+6jcvA212M=",
        "owner": "nixos",
        "repo": "nixpkgs",
        "rev": "48698d12cc10555a4f3e3222d9c669b884a49dfe",
        "type": "github"
      },
      "original": {
        "owner": "nixos",
        "ref": "nixpkgs-unstable",
        "repo": "nixpkgs",
        "type": "github"
      }
    },
    "nixpkgs_2": {
      "locked": {
        "lastModified": 1768661221,
        "narHash": "sha256-MJwOjrIISfOpdI9x4C+5WFQXvHtOuj5mqLZ4TMEtk1M=",
        "owner": "nixos",
        "repo": "nixpkgs",
        "rev": "3327b113f2ef698d380df83fbccefad7e83d7769",
        "type": "github"
      },
      "original": {
        "owner": "nixos",
        "ref": "nixpkgs-unstable",
        "repo": "nixpkgs",
        "type": "github"
      }
    },
    "nixpkgs_3": {
      "locked": {
        "lastModified": 1768661221,
        "narHash": "sha256-MJwOjrIISfOpdI9x4C+5WFQXvHtOuj5mqLZ4TMEtk1M=",
        "owner": "nixos",
        "repo": "nixpkgs",
        "rev": "3327b113f2ef698d380df83fbccefad7e83d7769",
        "type": "github"
      },
      "original": {
        "owner": "nixos",
        "ref": "nixpkgs-unstable",
        "repo": "nixpkgs",
        "type": "github"
      }
    },
    "nixpkgs_4": {
      "locked": {
        "lastModified": 1769330179,
        "narHash": "sha256-yxgb4AmkVHY5OOBrC79Vv6EVd4QZEotqv+6jcvA212M=",
        "owner": "nixos",
        "repo": "nixpkgs",
        "rev": "48698d12cc10555a4f3e3222d9c669b884a49dfe",
        "type": "github"
      },
      "original": {
        "owner": "nixos",
        "ref": "nixpkgs-unstable",
        "repo": "nixpkgs",
        "type": "github"
      }
    },
    "root": {
      "inputs": {
        "nixpkgs": "nixpkgs",
        "wslg-app": "wslg-app",
        "wslg-freerdp": "wslg-freerdp_2"
      }
    },
    "wslg-app": {
      "inputs": {
        "nixpkgs": "nixpkgs_2",
        "wslg-freerdp": "wslg-freerdp"
      },
      "locked": {
        "lastModified": 1769411978,
        "narHash": "sha256-P0NDr1C30WZhB0IJYPmub3jUaOsJztGA7o8Ch6P33ds=",
        "path": "/home/pp/workspace/wslg",
        "type": "path"
      },
      "original": {
        "path": "/home/pp/workspace/wslg",
        "type": "path"
      }
    },
    "wslg-freerdp": {
      "inputs": {
        "nixpkgs": "nixpkgs_3"
      },
      "locked": {
        "lastModified": 1768797716,
        "narHash": "sha256-jbtmlFppsfMZwuEWa9sTar30ZxxaJK43mlrJ233kqwg=",
        "path": "/home/pp/workspace/wslg/vendor/FreeRDP",
        "type": "path"
      },
      "original": {
        "path": "/home/pp/workspace/wslg/vendor/FreeRDP",
        "type": "path"
      }
    },
    "wslg-freerdp_2": {
      "inputs": {
        "nixpkgs": "nixpkgs_4"
      },
      "locked": {
        "lastModified": 1769411978,
        "narHash": "sha256-U1PNp7VTzjIDuS9LNYzp8qrZytLX5VViizLB0fhXvzk=",
        "path": "/home/pp/workspace/wslg/vendor/FreeRDP",
        "type": "path"
      },
      "original": {
        "path": "/home/pp/workspace/wslg/vendor/FreeRDP",
        "type": "path"
      }
    }
  },
  "root": "root",
  "version": 7
}
